
Microsoft Visual Studio Solution File, Format Version 12.00
# Visual Studio Version 16
VisualStudioVersion = 16.0.30204.135
MinimumVisualStudioVersion = 10.0.40219.1
Project("{9A19103F-16F7-4668-BE54-9A1E7A4F7556}") = "WpfAppProductTransportSample", "WpfAppProductTransportSample\WpfAppProductTransportSample.csproj", "{51F3E2DC-2C33-4FC2-BF28-6F25513F61A7}"
EndProject
Project("{FAE04EC0-301F-11D3-BF4B-00C04F79EFBC}") = "WpfAppTruckSimulator", "WpfAppDliverTruckDriverMobileSimulator\WpfAppTruckSimulator.csproj", "{C3258AC6-A466-4204-A434-2ABA1B8C109B}"
EndProject
Global
	GlobalSection(SolutionConfigurationPlatforms) = preSolution
		Debug|Any CPU = Debug|Any CPU
		Release|Any CPU = Release|Any CPU
	EndGlobalSection
	GlobalSection(ProjectConfigurationPlatforms) = postSolution
		{51F3E2DC-2C33-4FC2-BF28-6F25513F61A7}.Debug|Any CPU.ActiveCfg = Debug|Any CPU
		{51F3E2DC-2C33-4FC2-BF28-6F25513F61A7}.Debug|Any CPU.Build.0 = Debug|Any CPU
		{51F3E2DC-2C33-4FC2-BF28-6F25513F61A7}.Release|Any CPU.ActiveCfg = Release|Any CPU
		{51F3E2DC-2C33-4FC2-BF28-6F25513F61A7}.Release|Any CPU.Build.0 = Release|Any CPU
		{C3258AC6-A466-4204-A434-2ABA1B8C109B}.Debug|Any CPU.ActiveCfg = Debug|Any CPU
		{C3258AC6-A466-4204-A434-2ABA1B8C109B}.Debug|Any CPU.Build.0 = Debug|Any CPU
		{C3258AC6-A466-4204-A434-2ABA1B8C109B}.Release|Any CPU.ActiveCfg = Release|Any CPU
		{C3258AC6-A466-4204-A434-2ABA1B8C109B}.Release|Any CPU.Build.0 = Release|Any CPU
	EndGlobalSection
	GlobalSection(SolutionProperties) = preSolution
		HideSolutionNode = FALSE
	EndGlobalSection
	GlobalSection(ExtensibilityGlobals) = postSolution
		SolutionGuid = {150FFFC0-65F4-4FF3-987A-E20BEB20E4A4}
	EndGlobalSection
EndGlobal
